
Microsoft Visual Studio Solution File, Format Version 12.00
# Visual Studio Version 17
VisualStudioVersion = 17.12.35527.113 d17.12
MinimumVisualStudioVersion = 10.0.40219.1
Project("{FAE04EC0-301F-11D3-BF4B-00C04F79EFBC}") = "AcunMedyaRestaurantly", "AcunMedyaRestaurantly\AcunMedyaRestaurantly.csproj", "{1212E40B-EB71-45CD-9368-26D54AA81BF5}"
EndProject
Global
	GlobalSection(SolutionConfigurationPlatforms) = preSolution
		Debug|Any CPU = Debug|Any CPU
		Release|Any CPU = Release|Any CPU
	EndGlobalSection
	GlobalSection(ProjectConfigurationPlatforms) = postSolution
		{1212E40B-EB71-45CD-9368-26D54AA81BF5}.Debug|Any CPU.ActiveCfg = Debug|Any CPU
		{1212E40B-EB71-45CD-9368-26D54AA81BF5}.Debug|Any CPU.Build.0 = Debug|Any CPU
		{1212E40B-EB71-45CD-9368-26D54AA81BF5}.Release|Any CPU.ActiveCfg = Release|Any CPU
		{1212E40B-EB71-45CD-9368-26D54AA81BF5}.Release|Any CPU.Build.0 = Release|Any CPU
	EndGlobalSection
	GlobalSection(SolutionProperties) = preSolution
		HideSolutionNode = FALSE
	EndGlobalSection
EndGlobal
